
Microsoft Visual Studio Solution File, Format Version 12.00
# Visual Studio 15
VisualStudioVersion = 15.0.28307.438
MinimumVisualStudioVersion = 10.0.40219.1
Project("{FAE04EC0-301F-11D3-BF4B-00C04F79EFBC}") = "SkyNewsArticles.Android", "SkyNewsArticles\SkyNewsArticles.Android\SkyNewsArticles.Android.csproj", "{24CE3C36-16B9-426D-AA0C-5961ECF8D88C}"
EndProject
Project("{FAE04EC0-301F-11D3-BF4B-00C04F79EFBC}") = "SkyNewsArticles.iOS", "SkyNewsArticles\SkyNewsArticles.iOS\SkyNewsArticles.iOS.csproj", "{2778D63A-C9E0-45A9-AD7E-B94358EE404D}"
EndProject
Project("{FAE04EC0-301F-11D3-BF4B-00C04F79EFBC}") = "SkyNewsArticles", "SkyNewsArticles\SkyNewsArticles\SkyNewsArticles.csproj", "{466DC4AF-CFB9-43F2-A4B4-25F65ED31F37}"
EndProject
Global
	GlobalSection(SolutionConfigurationPlatforms) = preSolution
		Debug|Any CPU = Debug|Any CPU
		Debug|iPhone = Debug|iPhone
		Debug|iPhoneSimulator = Debug|iPhoneSimulator
		Release|Any CPU = Release|Any CPU
		Release|iPhone = Release|iPhone
		Release|iPhoneSimulator = Release|iPhoneSimulator
	EndGlobalSection
	GlobalSection(ProjectConfigurationPlatforms) = postSolution
		{24CE3C36-16B9-426D-AA0C-5961ECF8D88C}.Debug|Any CPU.ActiveCfg = Debug|Any CPU
		{24CE3C36-16B9-426D-AA0C-5961ECF8D88C}.Debug|Any CPU.Build.0 = Debug|Any CPU
		{24CE3C36-16B9-426D-AA0C-5961ECF8D88C}.Debug|Any CPU.Deploy.0 = Debug|Any CPU
		{24CE3C36-16B9-426D-AA0C-5961ECF8D88C}.Debug|iPhone.ActiveCfg = Debug|Any CPU
		{24CE3C36-16B9-426D-AA0C-5961ECF8D88C}.Debug|iPhone.Build.0 = Debug|Any CPU
		{24CE3C36-16B9-426D-AA0C-5961ECF8D88C}.Debug|iPhone.Deploy.0 = Debug|Any CPU
		{24CE3C36-16B9-426D-AA0C-5961ECF8D88C}.Debug|iPhoneSimulator.ActiveCfg = Debug|Any CPU
		{24CE3C36-16B9-426D-AA0C-5961ECF8D88C}.Debug|iPhoneSimulator.Build.0 = Debug|Any CPU
		{24CE3C36-16B9-426D-AA0C-5961ECF8D88C}.Debug|iPhoneSimulator.Deploy.0 = Debug|Any CPU
		{24CE3C36-16B9-426D-AA0C-5961ECF8D88C}.Release|Any CPU.ActiveCfg = Release|Any CPU
		{24CE3C36-16B9-426D-AA0C-5961ECF8D88C}.Release|Any CPU.Build.0 = Release|Any CPU
		{24CE3C36-16B9-426D-AA0C-5961ECF8D88C}.Release|Any CPU.Deploy.0 = Release|Any CPU
		{24CE3C36-16B9-426D-AA0C-5961ECF8D88C}.Release|iPhone.ActiveCfg = Release|Any CPU
		{24CE3C36-16B9-426D-AA0C-5961ECF8D88C}.Release|iPhone.Build.0 = Release|Any CPU
		{24CE3C36-16B9-426D-AA0C-5961ECF8D88C}.Release|iPhone.Deploy.0 = Release|Any CPU
		{24CE3C36-16B9-426D-AA0C-5961ECF8D88C}.Release|iPhoneSimulator.ActiveCfg = Release|Any CPU
		{24CE3C36-16B9-426D-AA0C-5961ECF8D88C}.Release|iPhoneSimulator.Build.0 = Release|Any CPU
		{24CE3C36-16B9-426D-AA0C-5961ECF8D88C}.Release|iPhoneSimulator.Deploy.0 = Release|Any CPU
		{2778D63A-C9E0-45A9-AD7E-B94358EE404D}.Debug|Any CPU.ActiveCfg = Debug|iPhoneSimulator
		{2778D63A-C9E0-45A9-AD7E-B94358EE404D}.Debug|Any CPU.Build.0 = Debug|iPhoneSimulator
		{2778D63A-C9E0-45A9-AD7E-B94358EE404D}.Debug|Any CPU.Deploy.0 = Debug|iPhoneSimulator
		{2778D63A-C9E0-45A9-AD7E-B94358EE404D}.Debug|iPhone.ActiveCfg = Debug|iPhone
		{2778D63A-C9E0-45A9-AD7E-B94358EE404D}.Debug|iPhone.Build.0 = Debug|iPhone
		{2778D63A-C9E0-45A9-AD7E-B94358EE404D}.Debug|iPhone.Deploy.0 = Debug|iPhone
		{2778D63A-C9E0-45A9-AD7E-B94358EE404D}.Debug|iPhoneSimulator.ActiveCfg = Debug|iPhoneSimulator
		{2778D63A-C9E0-45A9-AD7E-B94358EE404D}.Debug|iPhoneSimulator.Build.0 = Debug|iPhoneSimulator
		{2778D63A-C9E0-45A9-AD7E-B94358EE404D}.Debug|iPhoneSimulator.Deploy.0 = Debug|iPhoneSimulator
		{2778D63A-C9E0-45A9-AD7E-B94358EE404D}.Release|Any CPU.ActiveCfg = Release|iPhone
		{2778D63A-C9E0-45A9-AD7E-B94358EE404D}.Release|Any CPU.Build.0 = Release|iPhone
		{2778D63A-C9E0-45A9-AD7E-B94358EE404D}.Release|Any CPU.Deploy.0 = Release|iPhone
		{2778D63A-C9E0-45A9-AD7E-B94358EE404D}.Release|iPhone.ActiveCfg = Release|iPhone
		{2778D63A-C9E0-45A9-AD7E-B94358EE404D}.Release|iPhone.Build.0 = Release|iPhone
		{2778D63A-C9E0-45A9-AD7E-B94358EE404D}.Release|iPhone.Deploy.0 = Release|iPhone
		{2778D63A-C9E0-45A9-AD7E-B94358EE404D}.Release|iPhoneSimulator.ActiveCfg = Release|iPhoneSimulator
		{2778D63A-C9E0-45A9-AD7E-B94358EE404D}.Release|iPhoneSimulator.Build.0 = Release|iPhoneSimulator
		{2778D63A-C9E0-45A9-AD7E-B94358EE404D}.Release|iPhoneSimulator.Deploy.0 = Release|iPhoneSimulator
		{466DC4AF-CFB9-43F2-A4B4-25F65ED31F37}.Debug|Any CPU.ActiveCfg = Debug|Any CPU
		{466DC4AF-CFB9-43F2-A4B4-25F65ED31F37}.Debug|Any CPU.Build.0 = Debug|Any CPU
		{466DC4AF-CFB9-43F2-A4B4-25F65ED31F37}.Debug|Any CPU.Deploy.0 = Debug|Any CPU
		{466DC4AF-CFB9-43F2-A4B4-25F65ED31F37}.Debug|iPhone.ActiveCfg = Debug|Any CPU
		{466DC4AF-CFB9-43F2-A4B4-25F65ED31F37}.Debug|iPhone.Build.0 = Debug|Any CPU
		{466DC4AF-CFB9-43F2-A4B4-25F65ED31F37}.Debug|iPhone.Deploy.0 = Debug|Any CPU
		{466DC4AF-CFB9-43F2-A4B4-25F65ED31F37}.Debug|iPhoneSimulator.ActiveCfg = Debug|Any CPU
		{466DC4AF-CFB9-43F2-A4B4-25F65ED31F37}.Debug|iPhoneSimulator.Build.0 = Debug|Any CPU
		{466DC4AF-CFB9-43F2-A4B4-25F65ED31F37}.Debug|iPhoneSimulator.Deploy.0 = Debug|Any CPU
		{466DC4AF-CFB9-43F2-A4B4-25F65ED31F37}.Release|Any CPU.ActiveCfg = Release|Any CPU
		{466DC4AF-CFB9-43F2-A4B4-25F65ED31F37}.Release|Any CPU.Build.0 = Release|Any CPU
		{466DC4AF-CFB9-43F2-A4B4-25F65ED31F37}.Release|Any CPU.Deploy.0 = Release|Any CPU
		{466DC4AF-CFB9-43F2-A4B4-25F65ED31F37}.Release|iPhone.ActiveCfg = Release|Any CPU
		{466DC4AF-CFB9-43F2-A4B4-25F65ED31F37}.Release|iPhone.Build.0 = Release|Any CPU
		{466DC4AF-CFB9-43F2-A4B4-25F65ED31F37}.Release|iPhone.Deploy.0 = Release|Any CPU
		{466DC4AF-CFB9-43F2-A4B4-25F65ED31F37}.Release|iPhoneSimulator.ActiveCfg = Release|Any CPU
		{466DC4AF-CFB9-43F2-A4B4-25F65ED31F37}.Release|iPhoneSimulator.Build.0 = Release|Any CPU
		{466DC4AF-CFB9-43F2-A4B4-25F65ED31F37}.Release|iPhoneSimulator.Deploy.0 = Release|Any CPU
	EndGlobalSection
	GlobalSection(SolutionProperties) = preSolution
		HideSolutionNode = FALSE
	EndGlobalSection
	GlobalSection(ExtensibilityGlobals) = postSolution
		SolutionGuid = {1C4B8B91-68EE-40C0-81B8-1434D9DEB67D}
	EndGlobalSection
EndGlobal
